github.com/eiannone/keyboard v0.0.0-20200508000154-caf4b762e807 h1:jdjd5e68T4R/j4PWxfZqcKY8KtT9oo8IPNVuV4bSXDQ=
github.com/eiannone/keyboard v0.0.0-20200508000154-caf4b762e807/go.mod h1:Xoiu5VdKMvbRgHuY7+z64lhu/7lvax/22nzASF6GrO8=
golang.org/x/sys v0.0.0-20210521090106-6ca3eb03dfc2 h1:48AqIJLs69Wmc3mA52aIcqt544rjrDCqolKAv7L8leA=
golang.org/x/sys v0.0.0-20210521090106-6ca3eb03dfc2/go.mod h1:oPkhp1MJrh7nUepCBck5+mAzfO9JrbApNNgaTdGDITg=
